
Microsoft Visual Studio Solution File, Format Version 12.00
# Visual Studio 15
VisualStudioVersion = 15.0.27703.2000
MinimumVisualStudioVersion = 10.0.40219.1
Project("{FAE04EC0-301F-11D3-BF4B-00C04F79EFBC}") = "platedetector", "Platedetector.prj\platedetector.csproj", "{7B434D65-75CD-4906-8B99-98C4A6281102}"
EndProject
Project("{FAE04EC0-301F-11D3-BF4B-00C04F79EFBC}") = "platedetector.detection", "platedetector.detection.prj\platedetector.detection.csproj", "{413B61E1-46EB-486F-9D5C-1419C3AAEDD1}"
EndProject
Project("{FAE04EC0-301F-11D3-BF4B-00C04F79EFBC}") = "platedetector.markup", "platedetector.markup.prj\platedetector.markup.csproj", "{044F99FC-E2F9-4D7B-9123-F1FD922AB9E1}"
EndProject
Project("{FAE04EC0-301F-11D3-BF4B-00C04F79EFBC}") = "platedetector.evaluation", "platedetector.evaluation.prj\platedetector.evaluation.csproj", "{AF18E165-AB10-4F4A-89CC-366F41026C29}"
EndProject
Project("{FAE04EC0-301F-11D3-BF4B-00C04F79EFBC}") = "platedetector.utils", "platedetector.utils.prj\platedetector.utils.csproj", "{F504C797-13FC-4A94-8CA1-975E6DDD2F39}"
EndProject
Project("{FAE04EC0-301F-11D3-BF4B-00C04F79EFBC}") = "platedetector.detection.core", "platedetector.detection.core.prj\platedetector.detection.core.csproj", "{039DBBA6-6D49-41B8-A2C9-DFB8E8EC93FA}"
EndProject
Project("{2150E333-8FDC-42A3-9474-1A3956D46DE8}") = "tests", "tests", "{E72ABCAB-5411-4B77-AD63-AB488D6BCC90}"
EndProject
Project("{FAE04EC0-301F-11D3-BF4B-00C04F79EFBC}") = "platedetector.tests", "platedetector.tests\platedetector.tests.csproj", "{2C0B865F-4F8C-4BCA-A5C4-4AE6551632EA}"
EndProject
Project("{FAE04EC0-301F-11D3-BF4B-00C04F79EFBC}") = "platedetector.detection.tests", "platedetector.detection.tests\platedetector.detection.tests.csproj", "{660CBD88-60C2-41BC-97E3-6E10FD816015}"
EndProject
Project("{FAE04EC0-301F-11D3-BF4B-00C04F79EFBC}") = "platedetector.evaluation.tests", "platedetector.evaluation.tests\platedetector.evaluation.tests.csproj", "{4B7B5C6D-F02E-4F33-844C-F5D9EFAE43B0}"
EndProject
Global
	GlobalSection(SolutionConfigurationPlatforms) = preSolution
		Debug|Any CPU = Debug|Any CPU
		Release|Any CPU = Release|Any CPU
	EndGlobalSection
	GlobalSection(ProjectConfigurationPlatforms) = postSolution
		{7B434D65-75CD-4906-8B99-98C4A6281102}.Debug|Any CPU.ActiveCfg = Debug|Any CPU
		{7B434D65-75CD-4906-8B99-98C4A6281102}.Debug|Any CPU.Build.0 = Debug|Any CPU
		{7B434D65-75CD-4906-8B99-98C4A6281102}.Release|Any CPU.ActiveCfg = Release|Any CPU
		{7B434D65-75CD-4906-8B99-98C4A6281102}.Release|Any CPU.Build.0 = Release|Any CPU
		{413B61E1-46EB-486F-9D5C-1419C3AAEDD1}.Debug|Any CPU.ActiveCfg = Debug|Any CPU
		{413B61E1-46EB-486F-9D5C-1419C3AAEDD1}.Debug|Any CPU.Build.0 = Debug|Any CPU
		{413B61E1-46EB-486F-9D5C-1419C3AAEDD1}.Release|Any CPU.ActiveCfg = Release|Any CPU
		{413B61E1-46EB-486F-9D5C-1419C3AAEDD1}.Release|Any CPU.Build.0 = Release|Any CPU
		{044F99FC-E2F9-4D7B-9123-F1FD922AB9E1}.Debug|Any CPU.ActiveCfg = Debug|Any CPU
		{044F99FC-E2F9-4D7B-9123-F1FD922AB9E1}.Debug|Any CPU.Build.0 = Debug|Any CPU
		{044F99FC-E2F9-4D7B-9123-F1FD922AB9E1}.Release|Any CPU.ActiveCfg = Release|Any CPU
		{044F99FC-E2F9-4D7B-9123-F1FD922AB9E1}.Release|Any CPU.Build.0 = Release|Any CPU
		{AF18E165-AB10-4F4A-89CC-366F41026C29}.Debug|Any CPU.ActiveCfg = Debug|Any CPU
		{AF18E165-AB10-4F4A-89CC-366F41026C29}.Debug|Any CPU.Build.0 = Debug|Any CPU
		{AF18E165-AB10-4F4A-89CC-366F41026C29}.Release|Any CPU.ActiveCfg = Release|Any CPU
		{AF18E165-AB10-4F4A-89CC-366F41026C29}.Release|Any CPU.Build.0 = Release|Any CPU
		{F504C797-13FC-4A94-8CA1-975E6DDD2F39}.Debug|Any CPU.ActiveCfg = Debug|Any CPU
		{F504C797-13FC-4A94-8CA1-975E6DDD2F39}.Debug|Any CPU.Build.0 = Debug|Any CPU
		{F504C797-13FC-4A94-8CA1-975E6DDD2F39}.Release|Any CPU.ActiveCfg = Release|Any CPU
		{F504C797-13FC-4A94-8CA1-975E6DDD2F39}.Release|Any CPU.Build.0 = Release|Any CPU
		{039DBBA6-6D49-41B8-A2C9-DFB8E8EC93FA}.Debug|Any CPU.ActiveCfg = Debug|Any CPU
		{039DBBA6-6D49-41B8-A2C9-DFB8E8EC93FA}.Debug|Any CPU.Build.0 = Debug|Any CPU
		{039DBBA6-6D49-41B8-A2C9-DFB8E8EC93FA}.Release|Any CPU.ActiveCfg = Release|Any CPU
		{039DBBA6-6D49-41B8-A2C9-DFB8E8EC93FA}.Release|Any CPU.Build.0 = Release|Any CPU
		{2C0B865F-4F8C-4BCA-A5C4-4AE6551632EA}.Debug|Any CPU.ActiveCfg = Debug|Any CPU
		{2C0B865F-4F8C-4BCA-A5C4-4AE6551632EA}.Debug|Any CPU.Build.0 = Debug|Any CPU
		{2C0B865F-4F8C-4BCA-A5C4-4AE6551632EA}.Release|Any CPU.ActiveCfg = Release|Any CPU
		{2C0B865F-4F8C-4BCA-A5C4-4AE6551632EA}.Release|Any CPU.Build.0 = Release|Any CPU
		{660CBD88-60C2-41BC-97E3-6E10FD816015}.Debug|Any CPU.ActiveCfg = Debug|Any CPU
		{660CBD88-60C2-41BC-97E3-6E10FD816015}.Debug|Any CPU.Build.0 = Debug|Any CPU
		{660CBD88-60C2-41BC-97E3-6E10FD816015}.Release|Any CPU.ActiveCfg = Release|Any CPU
		{660CBD88-60C2-41BC-97E3-6E10FD816015}.Release|Any CPU.Build.0 = Release|Any CPU
		{4B7B5C6D-F02E-4F33-844C-F5D9EFAE43B0}.Debug|Any CPU.ActiveCfg = Debug|Any CPU
		{4B7B5C6D-F02E-4F33-844C-F5D9EFAE43B0}.Debug|Any CPU.Build.0 = Debug|Any CPU
		{4B7B5C6D-F02E-4F33-844C-F5D9EFAE43B0}.Release|Any CPU.ActiveCfg = Release|Any CPU
		{4B7B5C6D-F02E-4F33-844C-F5D9EFAE43B0}.Release|Any CPU.Build.0 = Release|Any CPU
	EndGlobalSection
	GlobalSection(SolutionProperties) = preSolution
		HideSolutionNode = FALSE
	EndGlobalSection
	GlobalSection(NestedProjects) = preSolution
		{2C0B865F-4F8C-4BCA-A5C4-4AE6551632EA} = {E72ABCAB-5411-4B77-AD63-AB488D6BCC90}
		{660CBD88-60C2-41BC-97E3-6E10FD816015} = {E72ABCAB-5411-4B77-AD63-AB488D6BCC90}
		{4B7B5C6D-F02E-4F33-844C-F5D9EFAE43B0} = {E72ABCAB-5411-4B77-AD63-AB488D6BCC90}
	EndGlobalSection
	GlobalSection(ExtensibilityGlobals) = postSolution
		SolutionGuid = {A5DCF84E-D99E-4447-BFA7-945848AB87D9}
	EndGlobalSection
EndGlobal
